// !$*UTF8*$!
{
	archiveVersion = 1;
	classes = {
	};
	objectVersion = 46;
	objects = {

/* Begin PBXBuildFile section */
		99F043891CE7899F00EAF468 /* AppDelegate.swift in Sources */ = {isa = PBXBuildFile; fileRef = 99F043881CE7899F00EAF468 /* AppDelegate.swift */; };
		99F0438B1CE7899F00EAF468 /* ViewController.swift in Sources */ = {isa = PBXBuildFile; fileRef = 99F0438A1CE7899F00EAF468 /* ViewController.swift */; };
		99F0438E1CE7899F00EAF468 /* Main.storyboard in Resources */ = {isa = PBXBuildFile; fileRef = 99F0438C1CE7899F00EAF468 /* Main.storyboard */; };
		99F043901CE7899F00EAF468 /* Assets.xcassets in Resources */ = {isa = PBXBuildFile; fileRef = 99F0438F1CE7899F00EAF468 /* Assets.xcassets */; };
		99F043931CE7899F00EAF468 /* LaunchScreen.storyboard in Resources */ = {isa = PBXBuildFile; fileRef = 99F043911CE7899F00EAF468 /* LaunchScreen.storyboard */; };
		99F0439E1CE7899F00EAF468 /* KingsAdvisorTests.swift in Sources */ = {isa = PBXBuildFile; fileRef = 99F0439D1CE7899F00EAF468 /* KingsAdvisorTests.swift */; };
		99F043A91CE7899F00EAF468 /* KingsAdvisorUITests.swift in Sources */ = {isa = PBXBuildFile; fileRef = 99F043A81CE7899F00EAF468 /* KingsAdvisorUITests.swift */; };
/* End PBXBuildFile section */

/* Begin PBXContainerItemProxy section */
		99F0439A1CE7899F00EAF468 /* PBXContainerItemProxy */ = {
			isa = PBXContainerItemProxy;
			containerPortal = 99F0437D1CE7899F00EAF468 /* Project object */;
			proxyType = 1;
			remoteGlobalIDString = 99F043841CE7899F00EAF468;
			remoteInfo = KingsAdvisor;
		};
		99F043A51CE7899F00EAF468 /* PBXContainerItemProxy */ = {
			isa = PBXContainerItemProxy;
			containerPortal = 99F0437D1CE7899F00EAF468 /* Project object */;
			proxyType = 1;
			remoteGlobalIDString = 99F043841CE7899F00EAF468;
			remoteInfo = KingsAdvisor;
		};
/* End PBXContainerItemProxy section */

/* Begin PBXFileReference section */
		99F043851CE7899F00EAF468 /* KingsAdvisor.app */ = {isa = PBXFileReference; explicitFileType = wrapper.application; includeInIndex = 0; path = KingsAdvisor.app; sourceTree = BUILT_PRODUCTS_DIR; };
		99F043881CE7899F00EAF468 /* AppDelegate.swift */ = {isa = PBXFileReference; lastKnownFileType = sourcecode.swift; path = AppDelegate.swift; sourceTree = "<group>"; };
		99F0438A1CE7899F00EAF468 /* ViewController.swift */ = {isa = PBXFileReference; lastKnownFileType = sourcecode.swift; path = ViewController.swift; sourceTree = "<group>"; };
		99F0438D1CE7899F00EAF468 /* Base */ = {isa = PBXFileReference; lastKnownFileType = file.storyboard; name = Base; path = Base.lproj/Main.storyboard; sourceTree = "<group>"; };
		99F0438F1CE7899F00EAF468 /* Assets.xcassets */ = {isa = PBXFileReference; lastKnownFileType = folder.assetcatalog; path = Assets.xcassets; sourceTree = "<group>"; };
		99F043921CE7899F00EAF468 /* Base */ = {isa = PBXFileReference; lastKnownFileType = file.storyboard; name = Base; path = Base.lproj/LaunchScreen.storyboard; sourceTree = "<group>"; };
		99F043941CE7899F00EAF468 /* Info.plist */ = {isa = PBXFileReference; lastKnownFileType = text.plist.xml; path = Info.plist; sourceTree = "<group>"; };
		99F043991CE7899F00EAF468 /* KingsAdvisorTests.xctest */ = {isa = PBXFileReference; explicitFileType = wrapper.cfbundle; includeInIndex = 0; path = KingsAdvisorTests.xctest; sourceTree = BUILT_PRODUCTS_DIR; };
		99F0439D1CE7899F00EAF468 /* KingsAdvisorTests.swift */ = {isa = PBXFileReference; lastKnownFileType = sourcecode.swift; path = KingsAdvisorTests.swift; sourceTree = "<group>"; };
		99F0439F1CE7899F00EAF468 /* Info.plist */ = {isa = PBXFileReference; lastKnownFileType = text.plist.xml; path = Info.plist; sourceTree = "<group>"; };
		99F043A41CE7899F00EAF468 /* KingsAdvisorUITests.xctest */ = {isa = PBXFileReference; explicitFileType = wrapper.cfbundle; includeInIndex = 0; path = KingsAdvisorUITests.xctest; sourceTree = BUILT_PRODUCTS_DIR; };
		99F043A81CE7899F00EAF468 /* KingsAdvisorUITests.swift */ = {isa = PBXFileReference; lastKnownFileType = sourcecode.swift; path = KingsAdvisorUITests.swift; sourceTree = "<group>"; };
		99F043AA1CE7899F00EAF468 /* Info.plist */ = {isa = PBXFileReference; lastKnownFileType = text.plist.xml; path = Info.plist; sourceTree = "<group>"; };
/* End PBXFileReference section */

/* Begin PBXFrameworksBuildPhase section */
		99F043821CE7899F00EAF468 /* Frameworks */ = {
			isa = PBXFrameworksBuildPhase;
			buildActionMask = 2147483647;
			files = (
			);
			runOnlyForDeploymentPostprocessing = 0;
		};
		99F043961CE7899F00EAF468 /* Frameworks */ = {
			isa = PBXFrameworksBuildPhase;
			buildActionMask = 2147483647;
			files = (
			);
			runOnlyForDeploymentPostprocessing = 0;
		};
		99F043A11CE7899F00EAF468 /* Frameworks */ = {
			isa = PBXFrameworksBuildPhase;
			buildActionMask = 2147483647;
			files = (
			);
			runOnlyForDeploymentPostprocessing = 0;
		};
/* End PBXFrameworksBuildPhase section */

/* Begin PBXGroup section */
		99F0437C1CE7899F00EAF468 = {
			isa = PBXGroup;
			children = (
				99F043871CE7899F00EAF468 /* KingsAdvisor */,
				99F0439C1CE7899F00EAF468 /* KingsAdvisorTests */,
				99F043A71CE7899F00EAF468 /* KingsAdvisorUITests */,
				99F043861CE7899F00EAF468 /* Products */,
			);
			sourceTree = "<group>";
		};
		99F043861CE7899F00EAF468 /* Products */ = {
			isa = PBXGroup;
			children = (
				99F043851CE7899F00EAF468 /* KingsAdvisor.app */,
				99F043991CE7899F00EAF468 /* KingsAdvisorTests.xctest */,
				99F043A41CE7899F00EAF468 /* KingsAdvisorUITests.xctest */,
			);
			name = Products;
			sourceTree = "<group>";
		};
		99F043871CE7899F00EAF468 /* KingsAdvisor */ = {
			isa = PBXGroup;
			children = (
				99F043881CE7899F00EAF468 /* AppDelegate.swift */,
				99F0438A1CE7899F00EAF468 /* ViewController.swift */,
				99F0438C1CE7899F00EAF468 /* Main.storyboard */,
				99F0438F1CE7899F00EAF468 /* Assets.xcassets */,
				99F043911CE7899F00EAF468 /* LaunchScreen.storyboard */,
				99F043941CE7899F00EAF468 /* Info.plist */,
			);
			path = KingsAdvisor;
			sourceTree = "<group>";
		};
		99F0439C1CE7899F00EAF468 /* KingsAdvisorTests */ = {
			isa = PBXGroup;
			children = (
				99F0439D1CE7899F00EAF468 /* KingsAdvisorTests.swift */,
				99F0439F1CE7899F00EAF468 /* Info.plist */,
			);
			path = KingsAdvisorTests;
			sourceTree = "<group>";
		};
		99F043A71CE7899F00EAF468 /* KingsAdvisorUITests */ = {
			isa = PBXGroup;
			children = (
				99F043A81CE7899F00EAF468 /* KingsAdvisorUITests.swift */,
				99F043AA1CE7899F00EAF468 /* Info.plist */,
			);
			path = KingsAdvisorUITests;
			sourceTree = "<group>";
		};
/* End PBXGroup section */

/* Begin PBXNativeTarget section */
		99F043841CE7899F00EAF468 /* KingsAdvisor */ = {
			isa = PBXNativeTarget;
			buildConfigurationList = 99F043AD1CE7899F00EAF468 /* Build configuration list for PBXNativeTarget "KingsAdvisor" */;
			buildPhases = (
				99F043811CE7899F00EAF468 /* Sources */,
				99F043821CE7899F00EAF468 /* Frameworks */,
				99F043831CE7899F00EAF468 /* Resources */,
			);
			buildRules = (
			);
			dependencies = (
			);
			name = KingsAdvisor;
			productName = KingsAdvisor;
			productReference = 99F043851CE7899F00EAF468 /* KingsAdvisor.app */;
			productType = "com.apple.product-type.application";
		};
		99F043981CE7899F00EAF468 /* KingsAdvisorTests */ = {
			isa = PBXNativeTarget;
			buildConfigurationList = 99F043B01CE7899F00EAF468 /* Build configuration list for PBXNativeTarget "KingsAdvisorTests" */;
			buildPhases = (
				99F043951CE7899F00EAF468 /* Sources */,
				99F043961CE7899F00EAF468 /* Frameworks */,
				99F043971CE7899F00EAF468 /* Resources */,
			);
			buildRules = (
			);
			dependencies = (
				99F0439B1CE7899F00EAF468 /* PBXTargetDependency */,
			);
			name = KingsAdvisorTests;
			productName = KingsAdvisorTests;
			productReference = 99F043991CE7899F00EAF468 /* KingsAdvisorTests.xctest */;
			productType = "com.apple.product-type.bundle.unit-test";
		};
		99F043A31CE7899F00EAF468 /* KingsAdvisorUITests */ = {
			isa = PBXNativeTarget;
			buildConfigurationList = 99F043B31CE7899F00EAF468 /* Build configuration list for PBXNativeTarget "KingsAdvisorUITests" */;
			buildPhases = (
				99F043A01CE7899F00EAF468 /* Sources */,
				99F043A11CE7899F00EAF468 /* Frameworks */,
				99F043A21CE7899F00EAF468 /* Resources */,
			);
			buildRules = (
			);
			dependencies = (
				99F043A61CE7899F00EAF468 /* PBXTargetDependency */,
			);
			name = KingsAdvisorUITests;
			productName = KingsAdvisorUITests;
			productReference = 99F043A41CE7899F00EAF468 /* KingsAdvisorUITests.xctest */;
			productType = "com.apple.product-type.bundle.ui-testing";
		};
/* End PBXNativeTarget section */

/* Begin PBXProject section */
		99F0437D1CE7899F00EAF468 /* Project object */ = {
			isa = PBXProject;
			attributes = {
				LastSwiftUpdateCheck = 0720;
				LastUpgradeCheck = 0720;
				ORGANIZATIONNAME = shalu;
				TargetAttributes = {
					99F043841CE7899F00EAF468 = {
						CreatedOnToolsVersion = 7.2.1;
					};
					99F043981CE7899F00EAF468 = {
						CreatedOnToolsVersion = 7.2.1;
						TestTargetID = 99F043841CE7899F00EAF468;
					};
					99F043A31CE7899F00EAF468 = {
						CreatedOnToolsVersion = 7.2.1;
						TestTargetID = 99F043841CE7899F00EAF468;
					};
				};
			};
			buildConfigurationList = 99F043801CE7899F00EAF468 /* Build configuration list for PBXProject "KingsAdvisor" */;
			compatibilityVersion = "Xcode 3.2";
			developmentRegion = English;
			hasScannedForEncodings = 0;
			knownRegions = (
				en,
				Base,
			);
			mainGroup = 99F0437C1CE7899F00EAF468;
			productRefGroup = 99F043861CE7899F00EAF468 /* Products */;
			projectDirPath = "";
			projectRoot = "";
			targets = (
				99F043841CE7899F00EAF468 /* KingsAdvisor */,
				99F043981CE7899F00EAF468 /* KingsAdvisorTests */,
				99F043A31CE7899F00EAF468 /* KingsAdvisorUITests */,
			);
		};
/* End PBXProject section */

/* Begin PBXResourcesBuildPhase section */
		99F043831CE7899F00EAF468 /* Resources */ = {
			isa = PBXResourcesBuildPhase;
			buildActionMask = 2147483647;
			files = (
				99F043931CE7899F00EAF468 /* LaunchScreen.storyboard in Resources */,
				99F043901CE7899F00EAF468 /* Assets.xcassets in Resources */,
				99F0438E1CE7899F00EAF468 /* Main.storyboard in Resources */,
			);
			runOnlyForDeploymentPostprocessing = 0;
		};
		99F043971CE7899F00EAF468 /* Resources */ = {
			isa = PBXResourcesBuildPhase;
			buildActionMask = 2147483647;
			files = (
			);
			runOnlyForDeploymentPostprocessing = 0;
		};
		99F043A21CE7899F00EAF468 /* Resources */ = {
			isa = PBXResourcesBuildPhase;
			buildActionMask = 2147483647;
			files = (
			);
			runOnlyForDeploymentPostprocessing = 0;
		};
/* End PBXResourcesBuildPhase section */

/* Begin PBXSourcesBuildPhase section */
		99F043811CE7899F00EAF468 /* Sources */ = {
			isa = PBXSourcesBuildPhase;
			buildActionMask = 2147483647;
			files = (
				99F0438B1CE7899F00EAF468 /* ViewController.swift in Sources */,
				99F043891CE7899F00EAF468 /* AppDelegate.swift in Sources */,
			);
			runOnlyForDeploymentPostprocessing = 0;
		};
		99F043951CE7899F00EAF468 /* Sources */ = {
			isa = PBXSourcesBuildPhase;
			buildActionMask = 2147483647;
			files = (
				99F0439E1CE7899F00EAF468 /* KingsAdvisorTests.swift in Sources */,
			);
			runOnlyForDeploymentPostprocessing = 0;
		};
		99F043A01CE7899F00EAF468 /* Sources */ = {
			isa = PBXSourcesBuildPhase;
			buildActionMask = 2147483647;
			files = (
				99F043A91CE7899F00EAF468 /* KingsAdvisorUITests.swift in Sources */,
			);
			runOnlyForDeploymentPostprocessing = 0;
		};
/* End PBXSourcesBuildPhase section */

/* Begin PBXTargetDependency section */
		99F0439B1CE7899F00EAF468 /* PBXTargetDependency */ = {
			isa = PBXTargetDependency;
			target = 99F043841CE7899F00EAF468 /* KingsAdvisor */;
			targetProxy = 99F0439A1CE7899F00EAF468 /* PBXContainerItemProxy */;
		};
		99F043A61CE7899F00EAF468 /* PBXTargetDependency */ = {
			isa = PBXTargetDependency;
			target = 99F043841CE7899F00EAF468 /* KingsAdvisor */;
			targetProxy = 99F043A51CE7899F00EAF468 /* PBXContainerItemProxy */;
		};
/* End PBXTargetDependency section */

/* Begin PBXVariantGroup section */
		99F0438C1CE7899F00EAF468 /* Main.storyboard */ = {
			isa = PBXVariantGroup;
			children = (
				99F0438D1CE7899F00EAF468 /* Base */,
			);
			name = Main.storyboard;
			sourceTree = "<group>";
		};
		99F043911CE7899F00EAF468 /* LaunchScreen.storyboard */ = {
			isa = PBXVariantGroup;
			children = (
				99F043921CE7899F00EAF468 /* Base */,
			);
			name = LaunchScreen.storyboard;
			sourceTree = "<group>";
		};
/* End PBXVariantGroup section */

/* Begin XCBuildConfiguration section */
		99F043AB1CE7899F00EAF468 /* Debug */ = {
			isa = XCBuildConfiguration;
			buildSettings = {
				ALWAYS_SEARCH_USER_PATHS = NO;
				CLANG_CXX_LANGUAGE_STANDARD = "gnu++0x";
				CLANG_CXX_LIBRARY = "libc++";
				CLANG_ENABLE_MODULES = YES;
				CLANG_ENABLE_OBJC_ARC = YES;
				CLANG_WARN_BOOL_CONVERSION = YES;
				CLANG_WARN_CONSTANT_CONVERSION = YES;
				CLANG_WARN_DIRECT_OBJC_ISA_USAGE = YES_ERROR;
				CLANG_WARN_EMPTY_BODY = YES;
				CLANG_WARN_ENUM_CONVERSION = YES;
				CLANG_WARN_INT_CONVERSION = YES;
				CLANG_WARN_OBJC_ROOT_CLASS = YES_ERROR;
				CLANG_WARN_UNREACHABLE_CODE = YES;
				CLANG_WARN__DUPLICATE_METHOD_MATCH = YES;
				"CODE_SIGN_IDENTITY[sdk=iphoneos*]" = "iPhone Developer";
				COPY_PHASE_STRIP = NO;
				DEBUG_INFORMATION_FORMAT = dwarf;
				ENABLE_STRICT_OBJC_MSGSEND = YES;
				ENABLE_TESTABILITY = YES;
				GCC_C_LANGUAGE_STANDARD = gnu99;
				GCC_DYNAMIC_NO_PIC = NO;
				GCC_NO_COMMON_BLOCKS = YES;
				GCC_OPTIMIZATION_LEVEL = 0;
				GCC_PREPROCESSOR_DEFINITIONS = (
					"DEBUG=1",
					"$(inherited)",
				);
				GCC_WARN_64_TO_32_BIT_CONVERSION = YES;
				GCC_WARN_ABOUT_RETURN_TYPE = YES_ERROR;
				GCC_WARN_UNDECLARED_SELECTOR = YES;
				GCC_WARN_UNINITIALIZED_AUTOS = YES_AGGRESSIVE;
				GCC_WARN_UNUSED_FUNCTION = YES;
				GCC_WARN_UNUSED_VARIABLE = YES;
				IPHONEOS_DEPLOYMENT_TARGET = 9.2;
				MTL_ENABLE_DEBUG_INFO = YES;
				ONLY_ACTIVE_ARCH = YES;
				SDKROOT = iphoneos;
				SWIFT_OPTIMIZATION_LEVEL = "-Onone";
				TARGETED_DEVICE_FAMILY = "1,2";
			};
			name = Debug;
		};
		99F043AC1CE7899F00EAF468 /* Release */ = {
			isa = XCBuildConfiguration;
			buildSettings = {
				ALWAYS_SEARCH_USER_PATHS = NO;
				CLANG_CXX_LANGUAGE_STANDARD = "gnu++0x";
				CLANG_CXX_LIBRARY = "libc++";
				CLANG_ENABLE_MODULES = YES;
				CLANG_ENABLE_OBJC_ARC = YES;
				CLANG_WARN_BOOL_CONVERSION = YES;
				CLANG_WARN_CONSTANT_CONVERSION = YES;
				CLANG_WARN_DIRECT_OBJC_ISA_USAGE = YES_ERROR;
				CLANG_WARN_EMPTY_BODY = YES;
				CLANG_WARN_ENUM_CONVERSION = YES;
				CLANG_WARN_INT_CONVERSION = YES;
				CLANG_WARN_OBJC_ROOT_CLASS = YES_ERROR;
				CLANG_WARN_UNREACHABLE_CODE = YES;
				CLANG_WARN__DUPLICATE_METHOD_MATCH = YES;
				"CODE_SIGN_IDENTITY[sdk=iphoneos*]" = "iPhone Developer";
				COPY_PHASE_STRIP = NO;
				DEBUG_INFORMATION_FORMAT = "dwarf-with-dsym";
				ENABLE_NS_ASSERTIONS = NO;
				ENABLE_STRICT_OBJC_MSGSEND = YES;
				GCC_C_LANGUAGE_STANDARD = gnu99;
				GCC_NO_COMMON_BLOCKS = YES;
				GCC_WARN_64_TO_32_BIT_CONVERSION = YES;
				GCC_WARN_ABOUT_RETURN_TYPE = YES_ERROR;
				GCC_WARN_UNDECLARED_SELECTOR = YES;
				GCC_WARN_UNINITIALIZED_AUTOS = YES_AGGRESSIVE;
				GCC_WARN_UNUSED_FUNCTION = YES;
				GCC_WARN_UNUSED_VARIABLE = YES;
				IPHONEOS_DEPLOYMENT_TARGET = 9.2;
				MTL_ENABLE_DEBUG_INFO = NO;
				SDKROOT = iphoneos;
				TARGETED_DEVICE_FAMILY = "1,2";
				VALIDATE_PRODUCT = YES;
			};
			name = Release;
		};
		99F043AE1CE7899F00EAF468 /* Debug */ = {
			isa = XCBuildConfiguration;
			buildSettings = {
				ASSETCATALOG_COMPILER_APPICON_NAME = AppIcon;
				INFOPLIST_FILE = KingsAdvisor/Info.plist;
				LD_RUNPATH_SEARCH_PATHS = "$(inherited) @executable_path/Frameworks";
				PRODUCT_BUNDLE_IDENTIFIER = com.shalu.KingsAdvisor.KingsAdvisor;
				PRODUCT_NAME = "$(TARGET_NAME)";
			};
			name = Debug;
		};
		99F043AF1CE7899F00EAF468 /* Release */ = {
			isa = XCBuildConfiguration;
			buildSettings = {
				ASSETCATALOG_COMPILER_APPICON_NAME = AppIcon;
				INFOPLIST_FILE = KingsAdvisor/Info.plist;
				LD_RUNPATH_SEARCH_PATHS = "$(inherited) @executable_path/Frameworks";
				PRODUCT_BUNDLE_IDENTIFIER = com.shalu.KingsAdvisor.KingsAdvisor;
				PRODUCT_NAME = "$(TARGET_NAME)";
			};
			name = Release;
		};
		99F043B11CE7899F00EAF468 /* Debug */ = {
			isa = XCBuildConfiguration;
			buildSettings = {
				BUNDLE_LOADER = "$(TEST_HOST)";
				INFOPLIST_FILE = KingsAdvisorTests/Info.plist;
				LD_RUNPATH_SEARCH_PATHS = "$(inherited) @executable_path/Frameworks @loader_path/Frameworks";
				PRODUCT_BUNDLE_IDENTIFIER = com.shalu.KingsAdvisor.KingsAdvisorTests;
				PRODUCT_NAME = "$(TARGET_NAME)";
				TEST_HOST = "$(BUILT_PRODUCTS_DIR)/KingsAdvisor.app/KingsAdvisor";
			};
			name = Debug;
		};
		99F043B21CE7899F00EAF468 /* Release */ = {
			isa = XCBuildConfiguration;
			buildSettings = {
				BUNDLE_LOADER = "$(TEST_HOST)";
				INFOPLIST_FILE = KingsAdvisorTests/Info.plist;
				LD_RUNPATH_SEARCH_PATHS = "$(inherited) @executable_path/Frameworks @loader_path/Frameworks";
				PRODUCT_BUNDLE_IDENTIFIER = com.shalu.KingsAdvisor.KingsAdvisorTests;
				PRODUCT_NAME = "$(TARGET_NAME)";
				TEST_HOST = "$(BUILT_PRODUCTS_DIR)/KingsAdvisor.app/KingsAdvisor";
			};
			name = Release;
		};
		99F043B41CE7899F00EAF468 /* Debug */ = {
			isa = XCBuildConfiguration;
			buildSettings = {
				INFOPLIST_FILE = KingsAdvisorUITests/Info.plist;
				LD_RUNPATH_SEARCH_PATHS = "$(inherited) @executable_path/Frameworks @loader_path/Frameworks";
				PRODUCT_BUNDLE_IDENTIFIER = com.shalu.KingsAdvisor.KingsAdvisorUITests;
				PRODUCT_NAME = "$(TARGET_NAME)";
				TEST_TARGET_NAME = KingsAdvisor;
				USES_XCTRUNNER = YES;
			};
			name = Debug;
		};
		99F043B51CE7899F00EAF468 /* Release */ = {
			isa = XCBuildConfiguration;
			buildSettings = {
				INFOPLIST_FILE = KingsAdvisorUITests/Info.plist;
				LD_RUNPATH_SEARCH_PATHS = "$(inherited) @executable_path/Frameworks @loader_path/Frameworks";
				PRODUCT_BUNDLE_IDENTIFIER = com.shalu.KingsAdvisor.KingsAdvisorUITests;
				PRODUCT_NAME = "$(TARGET_NAME)";
				TEST_TARGET_NAME = KingsAdvisor;
				USES_XCTRUNNER = YES;
			};
			name = Release;
		};
/* End XCBuildConfiguration section */

/* Begin XCConfigurationList section */
		99F043801CE7899F00EAF468 /* Build configuration list for PBXProject "KingsAdvisor" */ = {
			isa = XCConfigurationList;
			buildConfigurations = (
				99F043AB1CE7899F00EAF468 /* Debug */,
				99F043AC1CE7899F00EAF468 /* Release */,
			);
			defaultConfigurationIsVisible = 0;
			defaultConfigurationName = Release;
		};
		99F043AD1CE7899F00EAF468 /* Build configuration list for PBXNativeTarget "KingsAdvisor" */ = {
			isa = XCConfigurationList;
			buildConfigurations = (
				99F043AE1CE7899F00EAF468 /* Debug */,
				99F043AF1CE7899F00EAF468 /* Release */,
			);
			defaultConfigurationIsVisible = 0;
		};
		99F043B01CE7899F00EAF468 /* Build configuration list for PBXNativeTarget "KingsAdvisorTests" */ = {
			isa = XCConfigurationList;
			buildConfigurations = (
				99F043B11CE7899F00EAF468 /* Debug */,
				99F043B21CE7899F00EAF468 /* Release */,
			);
			defaultConfigurationIsVisible = 0;
		};
		99F043B31CE7899F00EAF468 /* Build configuration list for PBXNativeTarget "KingsAdvisorUITests" */ = {
			isa = XCConfigurationList;
			buildConfigurations = (
				99F043B41CE7899F00EAF468 /* Debug */,
				99F043B51CE7899F00EAF468 /* Release */,
			);
			defaultConfigurationIsVisible = 0;
		};
/* End XCConfigurationList section */
	};
	rootObject = 99F0437D1CE7899F00EAF468 /* Project object */;
}
